
Microsoft Visual Studio Solution File, Format Version 12.00
# Visual Studio Version 17
VisualStudioVersion = 17.14.36408.4 d17.14
MinimumVisualStudioVersion = 10.0.40219.1
Project("{FAE04EC0-301F-11D3-BF4B-00C04F79EFBC}") = "AbstractLL", "AbstractLL\AbstractLL.csproj", "{FCBF2D93-D13A-67DC-8E30-FEA63734399E}"
EndProject
Project("{FAE04EC0-301F-11D3-BF4B-00C04F79EFBC}") = "BaseTemplate", "BaseTemplate\BaseTemplate.csproj", "{FC8EDE06-7B25-5541-A397-5B4D2C4A49F9}"
EndProject
Project("{FAE04EC0-301F-11D3-BF4B-00C04F79EFBC}") = "ConcreteLL", "ConcreteLL\ConcreteLL.csproj", "{2B3F33A2-2F9C-696D-1A1C-1C3179E130B5}"
EndProject
Project("{FAE04EC0-301F-11D3-BF4B-00C04F79EFBC}") = "JsonElement", "JsonElement\JsonElement.csproj", "{C85E1293-7CEE-5DA4-96D3-116BF8A51A97}"
EndProject
Project("{FAE04EC0-301F-11D3-BF4B-00C04F79EFBC}") = "TemplateBuilder", "TemplateBuilder\TemplateBuilder.csproj", "{E4F63FA1-AA29-F128-C850-99DB569745B1}"
EndProject
Project("{FAE04EC0-301F-11D3-BF4B-00C04F79EFBC}") = "Builder", "Builder\Builder.csproj", "{046E746F-0D49-ADED-C09E-82E7BB7CCBCE}"
EndProject
Project("{FAE04EC0-301F-11D3-BF4B-00C04F79EFBC}") = "TestParser", "TestParser\TestParser.csproj", "{4145C360-643B-C832-664D-BA49B4519305}"
EndProject
Global
	GlobalSection(SolutionConfigurationPlatforms) = preSolution
		Debug|Any CPU = Debug|Any CPU
		Release|Any CPU = Release|Any CPU
	EndGlobalSection
	GlobalSection(ProjectConfigurationPlatforms) = postSolution
		{FCBF2D93-D13A-67DC-8E30-FEA63734399E}.Debug|Any CPU.ActiveCfg = Debug|Any CPU
		{FCBF2D93-D13A-67DC-8E30-FEA63734399E}.Debug|Any CPU.Build.0 = Debug|Any CPU
		{FCBF2D93-D13A-67DC-8E30-FEA63734399E}.Release|Any CPU.ActiveCfg = Release|Any CPU
		{FCBF2D93-D13A-67DC-8E30-FEA63734399E}.Release|Any CPU.Build.0 = Release|Any CPU
		{FC8EDE06-7B25-5541-A397-5B4D2C4A49F9}.Debug|Any CPU.ActiveCfg = Debug|Any CPU
		{FC8EDE06-7B25-5541-A397-5B4D2C4A49F9}.Debug|Any CPU.Build.0 = Debug|Any CPU
		{FC8EDE06-7B25-5541-A397-5B4D2C4A49F9}.Release|Any CPU.ActiveCfg = Release|Any CPU
		{FC8EDE06-7B25-5541-A397-5B4D2C4A49F9}.Release|Any CPU.Build.0 = Release|Any CPU
		{2B3F33A2-2F9C-696D-1A1C-1C3179E130B5}.Debug|Any CPU.ActiveCfg = Debug|Any CPU
		{2B3F33A2-2F9C-696D-1A1C-1C3179E130B5}.Debug|Any CPU.Build.0 = Debug|Any CPU
		{2B3F33A2-2F9C-696D-1A1C-1C3179E130B5}.Release|Any CPU.ActiveCfg = Release|Any CPU
		{2B3F33A2-2F9C-696D-1A1C-1C3179E130B5}.Release|Any CPU.Build.0 = Release|Any CPU
		{C85E1293-7CEE-5DA4-96D3-116BF8A51A97}.Debug|Any CPU.ActiveCfg = Debug|Any CPU
		{C85E1293-7CEE-5DA4-96D3-116BF8A51A97}.Debug|Any CPU.Build.0 = Debug|Any CPU
		{C85E1293-7CEE-5DA4-96D3-116BF8A51A97}.Release|Any CPU.ActiveCfg = Release|Any CPU
		{C85E1293-7CEE-5DA4-96D3-116BF8A51A97}.Release|Any CPU.Build.0 = Release|Any CPU
		{E4F63FA1-AA29-F128-C850-99DB569745B1}.Debug|Any CPU.ActiveCfg = Debug|Any CPU
		{E4F63FA1-AA29-F128-C850-99DB569745B1}.Debug|Any CPU.Build.0 = Debug|Any CPU
		{E4F63FA1-AA29-F128-C850-99DB569745B1}.Release|Any CPU.ActiveCfg = Release|Any CPU
		{E4F63FA1-AA29-F128-C850-99DB569745B1}.Release|Any CPU.Build.0 = Release|Any CPU
		{046E746F-0D49-ADED-C09E-82E7BB7CCBCE}.Debug|Any CPU.ActiveCfg = Debug|Any CPU
		{046E746F-0D49-ADED-C09E-82E7BB7CCBCE}.Debug|Any CPU.Build.0 = Debug|Any CPU
		{046E746F-0D49-ADED-C09E-82E7BB7CCBCE}.Release|Any CPU.ActiveCfg = Release|Any CPU
		{046E746F-0D49-ADED-C09E-82E7BB7CCBCE}.Release|Any CPU.Build.0 = Release|Any CPU
		{4145C360-643B-C832-664D-BA49B4519305}.Debug|Any CPU.ActiveCfg = Debug|Any CPU
		{4145C360-643B-C832-664D-BA49B4519305}.Debug|Any CPU.Build.0 = Debug|Any CPU
		{4145C360-643B-C832-664D-BA49B4519305}.Release|Any CPU.ActiveCfg = Release|Any CPU
		{4145C360-643B-C832-664D-BA49B4519305}.Release|Any CPU.Build.0 = Release|Any CPU
	EndGlobalSection
	GlobalSection(SolutionProperties) = preSolution
		HideSolutionNode = FALSE
	EndGlobalSection
	GlobalSection(ExtensibilityGlobals) = postSolution
		SolutionGuid = {C2228ABB-2A45-4DD1-8872-EA57D0CD406F}
	EndGlobalSection
EndGlobal
